// !$*UTF8*$!
{
	archiveVersion = 1;
	classes = {
	};
	objectVersion = 46;
	objects = {

/* Begin PBXBuildFile section */
		0F7F184919F1ED4A0050C5D5 /* main.m in Sources */ = {isa = PBXBuildFile; fileRef = 0F7F184819F1ED4A0050C5D5 /* main.m */; };
		0F7F184C19F1ED4A0050C5D5 /* AppDelegate.m in Sources */ = {isa = PBXBuildFile; fileRef = 0F7F184B19F1ED4A0050C5D5 /* AppDelegate.m */; };
		0F7F184F19F1ED4A0050C5D5 /* ViewController.m in Sources */ = {isa = PBXBuildFile; fileRef = 0F7F184E19F1ED4A0050C5D5 /* ViewController.m */; };
		0F7F185219F1ED4A0050C5D5 /* Main.storyboard in Resources */ = {isa = PBXBuildFile; fileRef = 0F7F185019F1ED4A0050C5D5 /* Main.storyboard */; };
		0F7F185419F1ED4A0050C5D5 /* Images.xcassets in Resources */ = {isa = PBXBuildFile; fileRef = 0F7F185319F1ED4A0050C5D5 /* Images.xcassets */; };
		0F7F185719F1ED4A0050C5D5 /* LaunchScreen.xib in Resources */ = {isa = PBXBuildFile; fileRef = 0F7F185519F1ED4A0050C5D5 /* LaunchScreen.xib */; };
		0F7F186319F1ED4A0050C5D5 /* unkoProjectTests.m in Sources */ = {isa = PBXBuildFile; fileRef = 0F7F186219F1ED4A0050C5D5 /* unkoProjectTests.m */; };
/* End PBXBuildFile section */

/* Begin PBXContainerItemProxy section */
		0F7F185D19F1ED4A0050C5D5 /* PBXContainerItemProxy */ = {
			isa = PBXContainerItemProxy;
			containerPortal = 0F7F183B19F1ED490050C5D5 /* Project object */;
			proxyType = 1;
			remoteGlobalIDString = 0F7F184219F1ED4A0050C5D5;
			remoteInfo = unkoProject;
		};
/* End PBXContainerItemProxy section */

/* Begin PBXFileReference section */
		0F7F184319F1ED4A0050C5D5 /* unkoProject.app */ = {isa = PBXFileReference; explicitFileType = wrapper.application; includeInIndex = 0; path = unkoProject.app; sourceTree = BUILT_PRODUCTS_DIR; };
		0F7F184719F1ED4A0050C5D5 /* Info.plist */ = {isa = PBXFileReference; lastKnownFileType = text.plist.xml; path = Info.plist; sourceTree = "<group>"; };
		0F7F184819F1ED4A0050C5D5 /* main.m */ = {isa = PBXFileReference; lastKnownFileType = sourcecode.c.objc; path = main.m; sourceTree = "<group>"; };
		0F7F184A19F1ED4A0050C5D5 /* AppDelegate.h */ = {isa = PBXFileReference; lastKnownFileType = sourcecode.c.h; path = AppDelegate.h; sourceTree = "<group>"; };
		0F7F184B19F1ED4A0050C5D5 /* AppDelegate.m */ = {isa = PBXFileReference; lastKnownFileType = sourcecode.c.objc; path = AppDelegate.m; sourceTree = "<group>"; };
		0F7F184D19F1ED4A0050C5D5 /* ViewController.h */ = {isa = PBXFileReference; lastKnownFileType = sourcecode.c.h; path = ViewController.h; sourceTree = "<group>"; };
		0F7F184E19F1ED4A0050C5D5 /* ViewController.m */ = {isa = PBXFileReference; lastKnownFileType = sourcecode.c.objc; path = ViewController.m; sourceTree = "<group>"; };
		0F7F185119F1ED4A0050C5D5 /* Base */ = {isa = PBXFileReference; lastKnownFileType = file.storyboard; name = Base; path = Base.lproj/Main.storyboard; sourceTree = "<group>"; };
		0F7F185319F1ED4A0050C5D5 /* Images.xcassets */ = {isa = PBXFileReference; lastKnownFileType = folder.assetcatalog; path = Images.xcassets; sourceTree = "<group>"; };
		0F7F185619F1ED4A0050C5D5 /* Base */ = {isa = PBXFileReference; lastKnownFileType = file.xib; name = Base; path = Base.lproj/LaunchScreen.xib; sourceTree = "<group>"; };
		0F7F185C19F1ED4A0050C5D5 /* unkoProjectTests.xctest */ = {isa = PBXFileReference; explicitFileType = wrapper.cfbundle; includeInIndex = 0; path = unkoProjectTests.xctest; sourceTree = BUILT_PRODUCTS_DIR; };
		0F7F186119F1ED4A0050C5D5 /* Info.plist */ = {isa = PBXFileReference; lastKnownFileType = text.plist.xml; path = Info.plist; sourceTree = "<group>"; };
		0F7F186219F1ED4A0050C5D5 /* unkoProjectTests.m */ = {isa = PBXFileReference; lastKnownFileType = sourcecode.c.objc; path = unkoProjectTests.m; sourceTree = "<group>"; };
/* End PBXFileReference section */

/* Begin PBXFrameworksBuildPhase section */
		0F7F184019F1ED4A0050C5D5 /* Frameworks */ = {
			isa = PBXFrameworksBuildPhase;
			buildActionMask = 2147483647;
			files = (
			);
			runOnlyForDeploymentPostprocessing = 0;
		};
		0F7F185919F1ED4A0050C5D5 /* Frameworks */ = {
			isa = PBXFrameworksBuildPhase;
			buildActionMask = 2147483647;
			files = (
			);
			runOnlyForDeploymentPostprocessing = 0;
		};
/* End PBXFrameworksBuildPhase section */

/* Begin PBXGroup section */
		0F7F183A19F1ED490050C5D5 = {
			isa = PBXGroup;
			children = (
				0F7F184519F1ED4A0050C5D5 /* unkoProject */,
				0F7F185F19F1ED4A0050C5D5 /* unkoProjectTests */,
				0F7F184419F1ED4A0050C5D5 /* Products */,
			);
			sourceTree = "<group>";
		};
		0F7F184419F1ED4A0050C5D5 /* Products */ = {
			isa = PBXGroup;
			children = (
				0F7F184319F1ED4A0050C5D5 /* unkoProject.app */,
				0F7F185C19F1ED4A0050C5D5 /* unkoProjectTests.xctest */,
			);
			name = Products;
			sourceTree = "<group>";
		};
		0F7F184519F1ED4A0050C5D5 /* unkoProject */ = {
			isa = PBXGroup;
			children = (
				0F7F184A19F1ED4A0050C5D5 /* AppDelegate.h */,
				0F7F184B19F1ED4A0050C5D5 /* AppDelegate.m */,
				0F7F184D19F1ED4A0050C5D5 /* ViewController.h */,
				0F7F184E19F1ED4A0050C5D5 /* ViewController.m */,
				0F7F185019F1ED4A0050C5D5 /* Main.storyboard */,
				0F7F185319F1ED4A0050C5D5 /* Images.xcassets */,
				0F7F185519F1ED4A0050C5D5 /* LaunchScreen.xib */,
				0F7F184619F1ED4A0050C5D5 /* Supporting Files */,
			);
			path = unkoProject;
			sourceTree = "<group>";
		};
		0F7F184619F1ED4A0050C5D5 /* Supporting Files */ = {
			isa = PBXGroup;
			children = (
				0F7F184719F1ED4A0050C5D5 /* Info.plist */,
				0F7F184819F1ED4A0050C5D5 /* main.m */,
			);
			name = "Supporting Files";
			sourceTree = "<group>";
		};
		0F7F185F19F1ED4A0050C5D5 /* unkoProjectTests */ = {
			isa = PBXGroup;
			children = (
				0F7F186219F1ED4A0050C5D5 /* unkoProjectTests.m */,
				0F7F186019F1ED4A0050C5D5 /* Supporting Files */,
			);
			path = unkoProjectTests;
			sourceTree = "<group>";
		};
		0F7F186019F1ED4A0050C5D5 /* Supporting Files */ = {
			isa = PBXGroup;
			children = (
				0F7F186119F1ED4A0050C5D5 /* Info.plist */,
			);
			name = "Supporting Files";
			sourceTree = "<group>";
		};
/* End PBXGroup section */

/* Begin PBXNativeTarget section */
		0F7F184219F1ED4A0050C5D5 /* unkoProject */ = {
			isa = PBXNativeTarget;
			buildConfigurationList = 0F7F186619F1ED4A0050C5D5 /* Build configuration list for PBXNativeTarget "unkoProject" */;
			buildPhases = (
				0F7F183F19F1ED4A0050C5D5 /* Sources */,
				0F7F184019F1ED4A0050C5D5 /* Frameworks */,
				0F7F184119F1ED4A0050C5D5 /* Resources */,
			);
			buildRules = (
			);
			dependencies = (
			);
			name = unkoProject;
			productName = unkoProject;
			productReference = 0F7F184319F1ED4A0050C5D5 /* unkoProject.app */;
			productType = "com.apple.product-type.application";
		};
		0F7F185B19F1ED4A0050C5D5 /* unkoProjectTests */ = {
			isa = PBXNativeTarget;
			buildConfigurationList = 0F7F186919F1ED4A0050C5D5 /* Build configuration list for PBXNativeTarget "unkoProjectTests" */;
			buildPhases = (
				0F7F185819F1ED4A0050C5D5 /* Sources */,
				0F7F185919F1ED4A0050C5D5 /* Frameworks */,
				0F7F185A19F1ED4A0050C5D5 /* Resources */,
			);
			buildRules = (
			);
			dependencies = (
				0F7F185E19F1ED4A0050C5D5 /* PBXTargetDependency */,
			);
			name = unkoProjectTests;
			productName = unkoProjectTests;
			productReference = 0F7F185C19F1ED4A0050C5D5 /* unkoProjectTests.xctest */;
			productType = "com.apple.product-type.bundle.unit-test";
		};
/* End PBXNativeTarget section */

/* Begin PBXProject section */
		0F7F183B19F1ED490050C5D5 /* Project object */ = {
			isa = PBXProject;
			attributes = {
				LastUpgradeCheck = 0600;
				ORGANIZATIONNAME = "冨山弘樹";
				TargetAttributes = {
					0F7F184219F1ED4A0050C5D5 = {
						CreatedOnToolsVersion = 6.0.1;
					};
					0F7F185B19F1ED4A0050C5D5 = {
						CreatedOnToolsVersion = 6.0.1;
						TestTargetID = 0F7F184219F1ED4A0050C5D5;
					};
				};
			};
			buildConfigurationList = 0F7F183E19F1ED490050C5D5 /* Build configuration list for PBXProject "unkoProject" */;
			compatibilityVersion = "Xcode 3.2";
			developmentRegion = English;
			hasScannedForEncodings = 0;
			knownRegions = (
				en,
				Base,
			);
			mainGroup = 0F7F183A19F1ED490050C5D5;
			productRefGroup = 0F7F184419F1ED4A0050C5D5 /* Products */;
			projectDirPath = "";
			projectRoot = "";
			targets = (
				0F7F184219F1ED4A0050C5D5 /* unkoProject */,
				0F7F185B19F1ED4A0050C5D5 /* unkoProjectTests */,
			);
		};
/* End PBXProject section */

/* Begin PBXResourcesBuildPhase section */
		0F7F184119F1ED4A0050C5D5 /* Resources */ = {
			isa = PBXResourcesBuildPhase;
			buildActionMask = 2147483647;
			files = (
				0F7F185219F1ED4A0050C5D5 /* Main.storyboard in Resources */,
				0F7F185719F1ED4A0050C5D5 /* LaunchScreen.xib in Resources */,
				0F7F185419F1ED4A0050C5D5 /* Images.xcassets in Resources */,
			);
			runOnlyForDeploymentPostprocessing = 0;
		};
		0F7F185A19F1ED4A0050C5D5 /* Resources */ = {
			isa = PBXResourcesBuildPhase;
			buildActionMask = 2147483647;
			files = (
			);
			runOnlyForDeploymentPostprocessing = 0;
		};
/* End PBXResourcesBuildPhase section */

/* Begin PBXSourcesBuildPhase section */
		0F7F183F19F1ED4A0050C5D5 /* Sources */ = {
			isa = PBXSourcesBuildPhase;
			buildActionMask = 2147483647;
			files = (
				0F7F184F19F1ED4A0050C5D5 /* ViewController.m in Sources */,
				0F7F184C19F1ED4A0050C5D5 /* AppDelegate.m in Sources */,
				0F7F184919F1ED4A0050C5D5 /* main.m in Sources */,
			);
			runOnlyForDeploymentPostprocessing = 0;
		};
		0F7F185819F1ED4A0050C5D5 /* Sources */ = {
			isa = PBXSourcesBuildPhase;
			buildActionMask = 2147483647;
			files = (
				0F7F186319F1ED4A0050C5D5 /* unkoProjectTests.m in Sources */,
			);
			runOnlyForDeploymentPostprocessing = 0;
		};
/* End PBXSourcesBuildPhase section */

/* Begin PBXTargetDependency section */
		0F7F185E19F1ED4A0050C5D5 /* PBXTargetDependency */ = {
			isa = PBXTargetDependency;
			target = 0F7F184219F1ED4A0050C5D5 /* unkoProject */;
			targetProxy = 0F7F185D19F1ED4A0050C5D5 /* PBXContainerItemProxy */;
		};
/* End PBXTargetDependency section */

/* Begin PBXVariantGroup section */
		0F7F185019F1ED4A0050C5D5 /* Main.storyboard */ = {
			isa = PBXVariantGroup;
			children = (
				0F7F185119F1ED4A0050C5D5 /* Base */,
			);
			name = Main.storyboard;
			sourceTree = "<group>";
		};
		0F7F185519F1ED4A0050C5D5 /* LaunchScreen.xib */ = {
			isa = PBXVariantGroup;
			children = (
				0F7F185619F1ED4A0050C5D5 /* Base */,
			);
			name = LaunchScreen.xib;
			sourceTree = "<group>";
		};
/* End PBXVariantGroup section */

/* Begin XCBuildConfiguration section */
		0F7F186419F1ED4A0050C5D5 /* Debug */ = {
			isa = XCBuildConfiguration;
			buildSettings = {
				ALWAYS_SEARCH_USER_PATHS = NO;
				CLANG_CXX_LANGUAGE_STANDARD = "gnu++0x";
				CLANG_CXX_LIBRARY = "libc++";
				CLANG_ENABLE_MODULES = YES;
				CLANG_ENABLE_OBJC_ARC = YES;
				CLANG_WARN_BOOL_CONVERSION = YES;
				CLANG_WARN_CONSTANT_CONVERSION = YES;
				CLANG_WARN_DIRECT_OBJC_ISA_USAGE = YES_ERROR;
				CLANG_WARN_EMPTY_BODY = YES;
				CLANG_WARN_ENUM_CONVERSION = YES;
				CLANG_WARN_INT_CONVERSION = YES;
				CLANG_WARN_OBJC_ROOT_CLASS = YES_ERROR;
				CLANG_WARN_UNREACHABLE_CODE = YES;
				CLANG_WARN__DUPLICATE_METHOD_MATCH = YES;
				"CODE_SIGN_IDENTITY[sdk=iphoneos*]" = "iPhone Developer";
				COPY_PHASE_STRIP = NO;
				ENABLE_STRICT_OBJC_MSGSEND = YES;
				GCC_C_LANGUAGE_STANDARD = gnu99;
				GCC_DYNAMIC_NO_PIC = NO;
				GCC_OPTIMIZATION_LEVEL = 0;
				GCC_PREPROCESSOR_DEFINITIONS = (
					"DEBUG=1",
					"$(inherited)",
				);
				GCC_SYMBOLS_PRIVATE_EXTERN = NO;
				GCC_WARN_64_TO_32_BIT_CONVERSION = YES;
				GCC_WARN_ABOUT_RETURN_TYPE = YES_ERROR;
				GCC_WARN_UNDECLARED_SELECTOR = YES;
				GCC_WARN_UNINITIALIZED_AUTOS = YES_AGGRESSIVE;
				GCC_WARN_UNUSED_FUNCTION = YES;
				GCC_WARN_UNUSED_VARIABLE = YES;
				IPHONEOS_DEPLOYMENT_TARGET = 8.0;
				MTL_ENABLE_DEBUG_INFO = YES;
				ONLY_ACTIVE_ARCH = YES;
				SDKROOT = iphoneos;
			};
			name = Debug;
		};
		0F7F186519F1ED4A0050C5D5 /* Release */ = {
			isa = XCBuildConfiguration;
			buildSettings = {
				ALWAYS_SEARCH_USER_PATHS = NO;
				CLANG_CXX_LANGUAGE_STANDARD = "gnu++0x";
				CLANG_CXX_LIBRARY = "libc++";
				CLANG_ENABLE_MODULES = YES;
				CLANG_ENABLE_OBJC_ARC = YES;
				CLANG_WARN_BOOL_CONVERSION = YES;
				CLANG_WARN_CONSTANT_CONVERSION = YES;
				CLANG_WARN_DIRECT_OBJC_ISA_USAGE = YES_ERROR;
				CLANG_WARN_EMPTY_BODY = YES;
				CLANG_WARN_ENUM_CONVERSION = YES;
				CLANG_WARN_INT_CONVERSION = YES;
				CLANG_WARN_OBJC_ROOT_CLASS = YES_ERROR;
				CLANG_WARN_UNREACHABLE_CODE = YES;
				CLANG_WARN__DUPLICATE_METHOD_MATCH = YES;
				"CODE_SIGN_IDENTITY[sdk=iphoneos*]" = "iPhone Developer";
				COPY_PHASE_STRIP = YES;
				ENABLE_NS_ASSERTIONS = NO;
				ENABLE_STRICT_OBJC_MSGSEND = YES;
				GCC_C_LANGUAGE_STANDARD = gnu99;
				GCC_WARN_64_TO_32_BIT_CONVERSION = YES;
				GCC_WARN_ABOUT_RETURN_TYPE = YES_ERROR;
				GCC_WARN_UNDECLARED_SELECTOR = YES;
				GCC_WARN_UNINITIALIZED_AUTOS = YES_AGGRESSIVE;
				GCC_WARN_UNUSED_FUNCTION = YES;
				GCC_WARN_UNUSED_VARIABLE = YES;
				IPHONEOS_DEPLOYMENT_TARGET = 8.0;
				MTL_ENABLE_DEBUG_INFO = NO;
				SDKROOT = iphoneos;
				VALIDATE_PRODUCT = YES;
			};
			name = Release;
		};
		0F7F186719F1ED4A0050C5D5 /* Debug */ = {
			isa = XCBuildConfiguration;
			buildSettings = {
				ASSETCATALOG_COMPILER_APPICON_NAME = AppIcon;
				INFOPLIST_FILE = unkoProject/Info.plist;
				LD_RUNPATH_SEARCH_PATHS = "$(inherited) @executable_path/Frameworks";
				PRODUCT_NAME = "$(TARGET_NAME)";
			};
			name = Debug;
		};
		0F7F186819F1ED4A0050C5D5 /* Release */ = {
			isa = XCBuildConfiguration;
			buildSettings = {
				ASSETCATALOG_COMPILER_APPICON_NAME = AppIcon;
				INFOPLIST_FILE = unkoProject/Info.plist;
				LD_RUNPATH_SEARCH_PATHS = "$(inherited) @executable_path/Frameworks";
				PRODUCT_NAME = "$(TARGET_NAME)";
			};
			name = Release;
		};
		0F7F186A19F1ED4A0050C5D5 /* Debug */ = {
			isa = XCBuildConfiguration;
			buildSettings = {
				BUNDLE_LOADER = "$(TEST_HOST)";
				FRAMEWORK_SEARCH_PATHS = (
					"$(SDKROOT)/Developer/Library/Frameworks",
					"$(inherited)",
				);
				GCC_PREPROCESSOR_DEFINITIONS = (
					"DEBUG=1",
					"$(inherited)",
				);
				INFOPLIST_FILE = unkoProjectTests/Info.plist;
				LD_RUNPATH_SEARCH_PATHS = "$(inherited) @executable_path/Frameworks @loader_path/Frameworks";
				PRODUCT_NAME = "$(TARGET_NAME)";
				TEST_HOST = "$(BUILT_PRODUCTS_DIR)/unkoProject.app/unkoProject";
			};
			name = Debug;
		};
		0F7F186B19F1ED4A0050C5D5 /* Release */ = {
			isa = XCBuildConfiguration;
			buildSettings = {
				BUNDLE_LOADER = "$(TEST_HOST)";
				FRAMEWORK_SEARCH_PATHS = (
					"$(SDKROOT)/Developer/Library/Frameworks",
					"$(inherited)",
				);
				INFOPLIST_FILE = unkoProjectTests/Info.plist;
				LD_RUNPATH_SEARCH_PATHS = "$(inherited) @executable_path/Frameworks @loader_path/Frameworks";
				PRODUCT_NAME = "$(TARGET_NAME)";
				TEST_HOST = "$(BUILT_PRODUCTS_DIR)/unkoProject.app/unkoProject";
			};
			name = Release;
		};
/* End XCBuildConfiguration section */

/* Begin XCConfigurationList section */
		0F7F183E19F1ED490050C5D5 /* Build configuration list for PBXProject "unkoProject" */ = {
			isa = XCConfigurationList;
			buildConfigurations = (
				0F7F186419F1ED4A0050C5D5 /* Debug */,
				0F7F186519F1ED4A0050C5D5 /* Release */,
			);
			defaultConfigurationIsVisible = 0;
			defaultConfigurationName = Release;
		};
		0F7F186619F1ED4A0050C5D5 /* Build configuration list for PBXNativeTarget "unkoProject" */ = {
			isa = XCConfigurationList;
			buildConfigurations = (
				0F7F186719F1ED4A0050C5D5 /* Debug */,
				0F7F186819F1ED4A0050C5D5 /* Release */,
			);
			defaultConfigurationIsVisible = 0;
		};
		0F7F186919F1ED4A0050C5D5 /* Build configuration list for PBXNativeTarget "unkoProjectTests" */ = {
			isa = XCConfigurationList;
			buildConfigurations = (
				0F7F186A19F1ED4A0050C5D5 /* Debug */,
				0F7F186B19F1ED4A0050C5D5 /* Release */,
			);
			defaultConfigurationIsVisible = 0;
		};
/* End XCConfigurationList section */
	};
	rootObject = 0F7F183B19F1ED490050C5D5 /* Project object */;
}
